// !$*UTF8*$!
{
	archiveVersion = 1;
	classes = {
	};
	objectVersion = 50;
	objects = {

/* Begin PBXBuildFile section */
		605D55C3225E447F00F11C2A /* AppDelegate.swift in Sources */ = {isa = PBXBuildFile; fileRef = 605D55C2225E447F00F11C2A /* AppDelegate.swift */; };
		605D55C5225E448000F11C2A /* ViewController.swift in Sources */ = {isa = PBXBuildFile; fileRef = 605D55C4225E448000F11C2A /* ViewController.swift */; };
		605D55C8225E448000F11C2A /* Main.storyboard in Resources */ = {isa = PBXBuildFile; fileRef = 605D55C6225E448000F11C2A /* Main.storyboard */; };
		605D55CA225E448100F11C2A /* Assets.xcassets in Resources */ = {isa = PBXBuildFile; fileRef = 605D55C9225E448100F11C2A /* Assets.xcassets */; };
		605D55CD225E448100F11C2A /* LaunchScreen.storyboard in Resources */ = {isa = PBXBuildFile; fileRef = 605D55CB225E448100F11C2A /* LaunchScreen.storyboard */; };
		60E18EC0225F653D0071CD7B /* CustomPlayerViewController.swift in Sources */ = {isa = PBXBuildFile; fileRef = 60E18EBF225F653D0071CD7B /* CustomPlayerViewController.swift */; };
		60E18EC2225F65570071CD7B /* PlayerView.swift in Sources */ = {isa = PBXBuildFile; fileRef = 60E18EC1225F65570071CD7B /* PlayerView.swift */; };
		691D16DCDD40E97013D68504 /* Pods_Example_Swift.framework in Frameworks */ = {isa = PBXBuildFile; fileRef = 95C0D89F22DE8DA067737481 /* Pods_Example_Swift.framework */; };
/* End PBXBuildFile section */

/* Begin PBXFileReference section */
		0CCC67D649FFBC349D2862A0 /* Pods-Example Swift.debug.xcconfig */ = {isa = PBXFileReference; includeInIndex = 1; lastKnownFileType = text.xcconfig; name = "Pods-Example Swift.debug.xcconfig"; path = "Pods/Target Support Files/Pods-Example Swift/Pods-Example Swift.debug.xcconfig"; sourceTree = "<group>"; };
		605D55BF225E447F00F11C2A /* Example Swift.app */ = {isa = PBXFileReference; explicitFileType = wrapper.application; includeInIndex = 0; path = "Example Swift.app"; sourceTree = BUILT_PRODUCTS_DIR; };
		605D55C2225E447F00F11C2A /* AppDelegate.swift */ = {isa = PBXFileReference; lastKnownFileType = sourcecode.swift; path = AppDelegate.swift; sourceTree = "<group>"; };
		605D55C4225E448000F11C2A /* ViewController.swift */ = {isa = PBXFileReference; lastKnownFileType = sourcecode.swift; path = ViewController.swift; sourceTree = "<group>"; };
		605D55C7225E448000F11C2A /* Base */ = {isa = PBXFileReference; lastKnownFileType = file.storyboard; name = Base; path = Base.lproj/Main.storyboard; sourceTree = "<group>"; };
		605D55C9225E448100F11C2A /* Assets.xcassets */ = {isa = PBXFileReference; lastKnownFileType = folder.assetcatalog; path = Assets.xcassets; sourceTree = "<group>"; };
		605D55CC225E448100F11C2A /* Base */ = {isa = PBXFileReference; lastKnownFileType = file.storyboard; name = Base; path = Base.lproj/LaunchScreen.storyboard; sourceTree = "<group>"; };
		605D55CE225E448100F11C2A /* Info.plist */ = {isa = PBXFileReference; lastKnownFileType = text.plist.xml; path = Info.plist; sourceTree = "<group>"; };
		60E18EBF225F653D0071CD7B /* CustomPlayerViewController.swift */ = {isa = PBXFileReference; lastKnownFileType = sourcecode.swift; path = CustomPlayerViewController.swift; sourceTree = "<group>"; };
		60E18EC1225F65570071CD7B /* PlayerView.swift */ = {isa = PBXFileReference; lastKnownFileType = sourcecode.swift; path = PlayerView.swift; sourceTree = "<group>"; };
		95C0D89F22DE8DA067737481 /* Pods_Example_Swift.framework */ = {isa = PBXFileReference; explicitFileType = wrapper.framework; includeInIndex = 0; path = Pods_Example_Swift.framework; sourceTree = BUILT_PRODUCTS_DIR; };
		DB9CDEBBE4A098820AA78518 /* Pods-Example Swift.release.xcconfig */ = {isa = PBXFileReference; includeInIndex = 1; lastKnownFileType = text.xcconfig; name = "Pods-Example Swift.release.xcconfig"; path = "Pods/Target Support Files/Pods-Example Swift/Pods-Example Swift.release.xcconfig"; sourceTree = "<group>"; };
/* End PBXFileReference section */

/* Begin PBXFrameworksBuildPhase section */
		605D55BC225E447F00F11C2A /* Frameworks */ = {
			isa = PBXFrameworksBuildPhase;
			buildActionMask = 2147483647;
			files = (
				691D16DCDD40E97013D68504 /* Pods_Example_Swift.framework in Frameworks */,
			);
			runOnlyForDeploymentPostprocessing = 0;
		};
/* End PBXFrameworksBuildPhase section */

/* Begin PBXGroup section */
		1F6F015D3A5F886AA3BA3CC1 /* Frameworks */ = {
			isa = PBXGroup;
			children = (
				95C0D89F22DE8DA067737481 /* Pods_Example_Swift.framework */,
			);
			name = Frameworks;
			sourceTree = "<group>";
		};
		22F4B9737D53CCB34E21B43D /* Pods */ = {
			isa = PBXGroup;
			children = (
				0CCC67D649FFBC349D2862A0 /* Pods-Example Swift.debug.xcconfig */,
				DB9CDEBBE4A098820AA78518 /* Pods-Example Swift.release.xcconfig */,
			);
			name = Pods;
			sourceTree = "<group>";
		};
		605D55B6225E447F00F11C2A = {
			isa = PBXGroup;
			children = (
				605D55C1225E447F00F11C2A /* Example Swift */,
				605D55C0225E447F00F11C2A /* Products */,
				22F4B9737D53CCB34E21B43D /* Pods */,
				1F6F015D3A5F886AA3BA3CC1 /* Frameworks */,
			);
			sourceTree = "<group>";
		};
		605D55C0225E447F00F11C2A /* Products */ = {
			isa = PBXGroup;
			children = (
				605D55BF225E447F00F11C2A /* Example Swift.app */,
			);
			name = Products;
			sourceTree = "<group>";
		};
		605D55C1225E447F00F11C2A /* Example Swift */ = {
			isa = PBXGroup;
			children = (
				605D55C2225E447F00F11C2A /* AppDelegate.swift */,
				605D55C4225E448000F11C2A /* ViewController.swift */,
				60E18EBF225F653D0071CD7B /* CustomPlayerViewController.swift */,
				60E18EC1225F65570071CD7B /* PlayerView.swift */,
				605D55C6225E448000F11C2A /* Main.storyboard */,
				605D55C9225E448100F11C2A /* Assets.xcassets */,
				605D55CB225E448100F11C2A /* LaunchScreen.storyboard */,
				605D55CE225E448100F11C2A /* Info.plist */,
			);
			path = "Example Swift";
			sourceTree = "<group>";
		};
/* End PBXGroup section */

/* Begin PBXNativeTarget section */
		605D55BE225E447F00F11C2A /* Example Swift */ = {
			isa = PBXNativeTarget;
			buildConfigurationList = 605D55D1225E448100F11C2A /* Build configuration list for PBXNativeTarget "Example Swift" */;
			buildPhases = (
				ABC9012C2C648B6FBCF3B3C6 /* [CP] Check Pods Manifest.lock */,
				605D55BB225E447F00F11C2A /* Sources */,
				605D55BC225E447F00F11C2A /* Frameworks */,
				605D55BD225E447F00F11C2A /* Resources */,
				E111F00B72EB330A103E7CDB /* [CP] Embed Pods Frameworks */,
				AD7B4632894332105A8EFB3A /* [CP] Copy Pods Resources */,
			);
			buildRules = (
			);
			dependencies = (
			);
			name = "Example Swift";
			productName = "PiPhone Example";
			productReference = 605D55BF225E447F00F11C2A /* Example Swift.app */;
			productType = "com.apple.product-type.application";
		};
/* End PBXNativeTarget section */

/* Begin PBXProject section */
		605D55B7225E447F00F11C2A /* Project object */ = {
			isa = PBXProject;
			attributes = {
				LastSwiftUpdateCheck = 1010;
				LastUpgradeCheck = 1010;
				ORGANIZATIONNAME = KY1VSTAR;
				TargetAttributes = {
					605D55BE225E447F00F11C2A = {
						CreatedOnToolsVersion = 10.1;
					};
				};
			};
			buildConfigurationList = 605D55BA225E447F00F11C2A /* Build configuration list for PBXProject "PiPhone Example" */;
			compatibilityVersion = "Xcode 9.3";
			developmentRegion = en;
			hasScannedForEncodings = 0;
			knownRegions = (
				en,
				Base,
			);
			mainGroup = 605D55B6225E447F00F11C2A;
			productRefGroup = 605D55C0225E447F00F11C2A /* Products */;
			projectDirPath = "";
			projectRoot = "";
			targets = (
				605D55BE225E447F00F11C2A /* Example Swift */,
			);
		};
/* End PBXProject section */

/* Begin PBXResourcesBuildPhase section */
		605D55BD225E447F00F11C2A /* Resources */ = {
			isa = PBXResourcesBuildPhase;
			buildActionMask = 2147483647;
			files = (
				605D55CD225E448100F11C2A /* LaunchScreen.storyboard in Resources */,
				605D55CA225E448100F11C2A /* Assets.xcassets in Resources */,
				605D55C8225E448000F11C2A /* Main.storyboard in Resources */,
			);
			runOnlyForDeploymentPostprocessing = 0;
		};
/* End PBXResourcesBuildPhase section */

/* Begin PBXShellScriptBuildPhase section */
		ABC9012C2C648B6FBCF3B3C6 /* [CP] Check Pods Manifest.lock */ = {
			isa = PBXShellScriptBuildPhase;
			buildActionMask = 2147483647;
			files = (
			);
			inputPaths = (
				"${PODS_PODFILE_DIR_PATH}/Podfile.lock",
				"${PODS_ROOT}/Manifest.lock",
			);
			name = "[CP] Check Pods Manifest.lock";
			outputPaths = (
				"$(DERIVED_FILE_DIR)/Pods-Example Swift-checkManifestLockResult.txt",
			);
			runOnlyForDeploymentPostprocessing = 0;
			shellPath = /bin/sh;
			shellScript = "diff \"${PODS_PODFILE_DIR_PATH}/Podfile.lock\" \"${PODS_ROOT}/Manifest.lock\" > /dev/null\nif [ $? != 0 ] ; then\n    # print error to STDERR\n    echo \"error: The sandbox is not in sync with the Podfile.lock. Run 'pod install' or update your CocoaPods installation.\" >&2\n    exit 1\nfi\n# This output is used by Xcode 'outputs' to avoid re-running this script phase.\necho \"SUCCESS\" > \"${SCRIPT_OUTPUT_FILE_0}\"\n";
			showEnvVarsInLog = 0;
		};
		AD7B4632894332105A8EFB3A /* [CP] Copy Pods Resources */ = {
			isa = PBXShellScriptBuildPhase;
			buildActionMask = 2147483647;
			files = (
			);
			inputPaths = (
			);
			name = "[CP] Copy Pods Resources";
			outputPaths = (
			);
			runOnlyForDeploymentPostprocessing = 0;
			shellPath = /bin/sh;
			shellScript = "\"${SRCROOT}/Pods/Target Support Files/Pods-Example Swift/Pods-Example Swift-resources.sh\"\n";
			showEnvVarsInLog = 0;
		};
		E111F00B72EB330A103E7CDB /* [CP] Embed Pods Frameworks */ = {
			isa = PBXShellScriptBuildPhase;
			buildActionMask = 2147483647;
			files = (
			);
			inputPaths = (
				"${SRCROOT}/Pods/Target Support Files/Pods-Example Swift/Pods-Example Swift-frameworks.sh",
				"${BUILT_PRODUCTS_DIR}/PiPhone/PiPhone.framework",
			);
			name = "[CP] Embed Pods Frameworks";
			outputPaths = (
				"${TARGET_BUILD_DIR}/${FRAMEWORKS_FOLDER_PATH}/PiPhone.framework",
			);
			runOnlyForDeploymentPostprocessing = 0;
			shellPath = /bin/sh;
			shellScript = "\"${SRCROOT}/Pods/Target Support Files/Pods-Example Swift/Pods-Example Swift-frameworks.sh\"\n";
			showEnvVarsInLog = 0;
		};
/* End PBXShellScriptBuildPhase section */

/* Begin PBXSourcesBuildPhase section */
		605D55BB225E447F00F11C2A /* Sources */ = {
			isa = PBXSourcesBuildPhase;
			buildActionMask = 2147483647;
			files = (
				605D55C5225E448000F11C2A /* ViewController.swift in Sources */,
				60E18EC0225F653D0071CD7B /* CustomPlayerViewController.swift in Sources */,
				605D55C3225E447F00F11C2A /* AppDelegate.swift in Sources */,
				60E18EC2225F65570071CD7B /* PlayerView.swift in Sources */,
			);
			runOnlyForDeploymentPostprocessing = 0;
		};
/* End PBXSourcesBuildPhase section */

/* Begin PBXVariantGroup section */
		605D55C6225E448000F11C2A /* Main.storyboard */ = {
			isa = PBXVariantGroup;
			children = (
				605D55C7225E448000F11C2A /* Base */,
			);
			name = Main.storyboard;
			sourceTree = "<group>";
		};
		605D55CB225E448100F11C2A /* LaunchScreen.storyboard */ = {
			isa = PBXVariantGroup;
			children = (
				605D55CC225E448100F11C2A /* Base */,
			);
			name = LaunchScreen.storyboard;
			sourceTree = "<group>";
		};
/* End PBXVariantGroup section */

/* Begin XCBuildConfiguration section */
		605D55CF225E448100F11C2A /* Debug */ = {
			isa = XCBuildConfiguration;
			buildSettings = {
				ALWAYS_SEARCH_USER_PATHS = NO;
				CLANG_ANALYZER_NONNULL = YES;
				CLANG_ANALYZER_NUMBER_OBJECT_CONVERSION = YES_AGGRESSIVE;
				CLANG_CXX_LANGUAGE_STANDARD = "gnu++14";
				CLANG_CXX_LIBRARY = "libc++";
				CLANG_ENABLE_MODULES = YES;
				CLANG_ENABLE_OBJC_ARC = YES;
				CLANG_ENABLE_OBJC_WEAK = YES;
				CLANG_WARN_BLOCK_CAPTURE_AUTORELEASING = YES;
				CLANG_WARN_BOOL_CONVERSION = YES;
				CLANG_WARN_COMMA = YES;
				CLANG_WARN_CONSTANT_CONVERSION = YES;
				CLANG_WARN_DEPRECATED_OBJC_IMPLEMENTATIONS = YES;
				CLANG_WARN_DIRECT_OBJC_ISA_USAGE = YES_ERROR;
				CLANG_WARN_DOCUMENTATION_COMMENTS = YES;
				CLANG_WARN_EMPTY_BODY = YES;
				CLANG_WARN_ENUM_CONVERSION = YES;
				CLANG_WARN_INFINITE_RECURSION = YES;
				CLANG_WARN_INT_CONVERSION = YES;
				CLANG_WARN_NON_LITERAL_NULL_CONVERSION = YES;
				CLANG_WARN_OBJC_IMPLICIT_RETAIN_SELF = YES;
				CLANG_WARN_OBJC_LITERAL_CONVERSION = YES;
				CLANG_WARN_OBJC_ROOT_CLASS = YES_ERROR;
				CLANG_WARN_RANGE_LOOP_ANALYSIS = YES;
				CLANG_WARN_STRICT_PROTOTYPES = YES;
				CLANG_WARN_SUSPICIOUS_MOVE = YES;
				CLANG_WARN_UNGUARDED_AVAILABILITY = YES_AGGRESSIVE;
				CLANG_WARN_UNREACHABLE_CODE = YES;
				CLANG_WARN__DUPLICATE_METHOD_MATCH = YES;
				CODE_SIGN_IDENTITY = "iPhone Developer";
				COPY_PHASE_STRIP = NO;
				DEBUG_INFORMATION_FORMAT = dwarf;
				ENABLE_STRICT_OBJC_MSGSEND = YES;
				ENABLE_TESTABILITY = YES;
				GCC_C_LANGUAGE_STANDARD = gnu11;
				GCC_DYNAMIC_NO_PIC = NO;
				GCC_NO_COMMON_BLOCKS = YES;
				GCC_OPTIMIZATION_LEVEL = 0;
				GCC_PREPROCESSOR_DEFINITIONS = (
					"DEBUG=1",
					"$(inherited)",
				);
				GCC_WARN_64_TO_32_BIT_CONVERSION = YES;
				GCC_WARN_ABOUT_RETURN_TYPE = YES_ERROR;
				GCC_WARN_UNDECLARED_SELECTOR = YES;
				GCC_WARN_UNINITIALIZED_AUTOS = YES_AGGRESSIVE;
				GCC_WARN_UNUSED_FUNCTION = YES;
				GCC_WARN_UNUSED_VARIABLE = YES;
				IPHONEOS_DEPLOYMENT_TARGET = 9.0;
				MTL_ENABLE_DEBUG_INFO = INCLUDE_SOURCE;
				MTL_FAST_MATH = YES;
				ONLY_ACTIVE_ARCH = YES;
				SDKROOT = iphoneos;
				SWIFT_ACTIVE_COMPILATION_CONDITIONS = DEBUG;
				SWIFT_OPTIMIZATION_LEVEL = "-Onone";
			};
			name = Debug;
		};
		605D55D0225E448100F11C2A /* Release */ = {
			isa = XCBuildConfiguration;
			buildSettings = {
				ALWAYS_SEARCH_USER_PATHS = NO;
				CLANG_ANALYZER_NONNULL = YES;
				CLANG_ANALYZER_NUMBER_OBJECT_CONVERSION = YES_AGGRESSIVE;
				CLANG_CXX_LANGUAGE_STANDARD = "gnu++14";
				CLANG_CXX_LIBRARY = "libc++";
				CLANG_ENABLE_MODULES = YES;
				CLANG_ENABLE_OBJC_ARC = YES;
				CLANG_ENABLE_OBJC_WEAK = YES;
				CLANG_WARN_BLOCK_CAPTURE_AUTORELEASING = YES;
				CLANG_WARN_BOOL_CONVERSION = YES;
				CLANG_WARN_COMMA = YES;
				CLANG_WARN_CONSTANT_CONVERSION = YES;
				CLANG_WARN_DEPRECATED_OBJC_IMPLEMENTATIONS = YES;
				CLANG_WARN_DIRECT_OBJC_ISA_USAGE = YES_ERROR;
				CLANG_WARN_DOCUMENTATION_COMMENTS = YES;
				CLANG_WARN_EMPTY_BODY = YES;
				CLANG_WARN_ENUM_CONVERSION = YES;
				CLANG_WARN_INFINITE_RECURSION = YES;
				CLANG_WARN_INT_CONVERSION = YES;
				CLANG_WARN_NON_LITERAL_NULL_CONVERSION = YES;
				CLANG_WARN_OBJC_IMPLICIT_RETAIN_SELF = YES;
				CLANG_WARN_OBJC_LITERAL_CONVERSION = YES;
				CLANG_WARN_OBJC_ROOT_CLASS = YES_ERROR;
				CLANG_WARN_RANGE_LOOP_ANALYSIS = YES;
				CLANG_WARN_STRICT_PROTOTYPES = YES;
				CLANG_WARN_SUSPICIOUS_MOVE = YES;
				CLANG_WARN_UNGUARDED_AVAILABILITY = YES_AGGRESSIVE;
				CLANG_WARN_UNREACHABLE_CODE = YES;
				CLANG_WARN__DUPLICATE_METHOD_MATCH = YES;
				CODE_SIGN_IDENTITY = "iPhone Developer";
				COPY_PHASE_STRIP = NO;
				DEBUG_INFORMATION_FORMAT = "dwarf-with-dsym";
				ENABLE_NS_ASSERTIONS = NO;
				ENABLE_STRICT_OBJC_MSGSEND = YES;
				GCC_C_LANGUAGE_STANDARD = gnu11;
				GCC_NO_COMMON_BLOCKS = YES;
				GCC_WARN_64_TO_32_BIT_CONVERSION = YES;
				GCC_WARN_ABOUT_RETURN_TYPE = YES_ERROR;
				GCC_WARN_UNDECLARED_SELECTOR = YES;
				GCC_WARN_UNINITIALIZED_AUTOS = YES_AGGRESSIVE;
				GCC_WARN_UNUSED_FUNCTION = YES;
				GCC_WARN_UNUSED_VARIABLE = YES;
				IPHONEOS_DEPLOYMENT_TARGET = 9.0;
				MTL_ENABLE_DEBUG_INFO = NO;
				MTL_FAST_MATH = YES;
				SDKROOT = iphoneos;
				SWIFT_COMPILATION_MODE = wholemodule;
				SWIFT_OPTIMIZATION_LEVEL = "-O";
				VALIDATE_PRODUCT = YES;
			};
			name = Release;
		};
		605D55D2225E448100F11C2A /* Debug */ = {
			isa = XCBuildConfiguration;
			baseConfigurationReference = 0CCC67D649FFBC349D2862A0 /* Pods-Example Swift.debug.xcconfig */;
			buildSettings = {
				ASSETCATALOG_COMPILER_APPICON_NAME = AppIcon;
				CODE_SIGN_STYLE = Automatic;
				DEVELOPMENT_TEAM = Q78J22N7UT;
				INFOPLIST_FILE = "$(SRCROOT)/Example Swift/Info.plist";
				IPHONEOS_DEPLOYMENT_TARGET = 9.0;
				LD_RUNPATH_SEARCH_PATHS = (
					"$(inherited)",
					"@executable_path/Frameworks",
				);
				PRODUCT_BUNDLE_IDENTIFIER = "ua.ky1vstar.PiPhone-Example";
				PRODUCT_NAME = "$(TARGET_NAME)";
				SWIFT_VERSION = 4.2;
				TARGETED_DEVICE_FAMILY = "1,2";
			};
			name = Debug;
		};
		605D55D3225E448100F11C2A /* Release */ = {
			isa = XCBuildConfiguration;
			baseConfigurationReference = DB9CDEBBE4A098820AA78518 /* Pods-Example Swift.release.xcconfig */;
			buildSettings = {
				ASSETCATALOG_COMPILER_APPICON_NAME = AppIcon;
				CODE_SIGN_STYLE = Automatic;
				DEVELOPMENT_TEAM = Q78J22N7UT;
				INFOPLIST_FILE = "$(SRCROOT)/Example Swift/Info.plist";
				IPHONEOS_DEPLOYMENT_TARGET = 9.0;
				LD_RUNPATH_SEARCH_PATHS = (
					"$(inherited)",
					"@executable_path/Frameworks",
				);
				PRODUCT_BUNDLE_IDENTIFIER = "ua.ky1vstar.PiPhone-Example";
				PRODUCT_NAME = "$(TARGET_NAME)";
				SWIFT_VERSION = 4.2;
				TARGETED_DEVICE_FAMILY = "1,2";
			};
			name = Release;
		};
/* End XCBuildConfiguration section */

/* Begin XCConfigurationList section */
		605D55BA225E447F00F11C2A /* Build configuration list for PBXProject "PiPhone Example" */ = {
			isa = XCConfigurationList;
			buildConfigurations = (
				605D55CF225E448100F11C2A /* Debug */,
				605D55D0225E448100F11C2A /* Release */,
			);
			defaultConfigurationIsVisible = 0;
			defaultConfigurationName = Release;
		};
		605D55D1225E448100F11C2A /* Build configuration list for PBXNativeTarget "Example Swift" */ = {
			isa = XCConfigurationList;
			buildConfigurations = (
				605D55D2225E448100F11C2A /* Debug */,
				605D55D3225E448100F11C2A /* Release */,
			);
			defaultConfigurationIsVisible = 0;
			defaultConfigurationName = Release;
		};
/* End XCConfigurationList section */
	};
	rootObject = 605D55B7225E447F00F11C2A /* Project object */;
}
